
Microsoft Visual Studio Solution File, Format Version 11.00
# Visual Studio 2010
Project("{FAE04EC0-301F-11D3-BF4B-00C04F79EFBC}") = "Assembly-CSharp", "Assembly-CSharp.csproj", "{FEC5ACE5-ED94-BFEC-8483-CC1BD93764E6}"
EndProject
Project("{FAE04EC0-301F-11D3-BF4B-00C04F79EFBC}") = "Assembly-CSharp-Editor", "Assembly-CSharp-Editor.csproj", "{2BA6F967-AA84-9C55-7374-ECC6C767DEB2}"
EndProject
Global
	GlobalSection(SolutionConfigurationPlatforms) = preSolution
		Debug|Any CPU = Debug|Any CPU
		Release|Any CPU = Release|Any CPU
	EndGlobalSection
	GlobalSection(ProjectConfigurationPlatforms) = postSolution
		{FEC5ACE5-ED94-BFEC-8483-CC1BD93764E6}.Debug|Any CPU.ActiveCfg = Debug|Any CPU
		{FEC5ACE5-ED94-BFEC-8483-CC1BD93764E6}.Debug|Any CPU.Build.0 = Debug|Any CPU
		{FEC5ACE5-ED94-BFEC-8483-CC1BD93764E6}.Release|Any CPU.ActiveCfg = Release|Any CPU
		{FEC5ACE5-ED94-BFEC-8483-CC1BD93764E6}.Release|Any CPU.Build.0 = Release|Any CPU
		{2BA6F967-AA84-9C55-7374-ECC6C767DEB2}.Debug|Any CPU.ActiveCfg = Debug|Any CPU
		{2BA6F967-AA84-9C55-7374-ECC6C767DEB2}.Debug|Any CPU.Build.0 = Debug|Any CPU
		{2BA6F967-AA84-9C55-7374-ECC6C767DEB2}.Release|Any CPU.ActiveCfg = Release|Any CPU
		{2BA6F967-AA84-9C55-7374-ECC6C767DEB2}.Release|Any CPU.Build.0 = Release|Any CPU
	EndGlobalSection
	GlobalSection(SolutionProperties) = preSolution
		HideSolutionNode = FALSE
	EndGlobalSection
	GlobalSection(MonoDevelopProperties) = preSolution
		StartupItem = Assembly-CSharp.csproj
	EndGlobalSection
EndGlobal
